// !$*UTF8*$!
{
	archiveVersion = 1;
	classes = {
	};
	objectVersion = 46;
	objects = {

/* Begin PBXBuildFile section */
		84A7DEAF1959CC6C007DA0EA /* Foundation.framework in Frameworks */ = {isa = PBXBuildFile; fileRef = 84A7DEAE1959CC6C007DA0EA /* Foundation.framework */; };
		84A7DEB11959CC6C007DA0EA /* CoreGraphics.framework in Frameworks */ = {isa = PBXBuildFile; fileRef = 84A7DEB01959CC6C007DA0EA /* CoreGraphics.framework */; };
		84A7DEB31959CC6C007DA0EA /* UIKit.framework in Frameworks */ = {isa = PBXBuildFile; fileRef = 84A7DEB21959CC6C007DA0EA /* UIKit.framework */; };
		84A7DEB91959CC6C007DA0EA /* InfoPlist.strings in Resources */ = {isa = PBXBuildFile; fileRef = 84A7DEB71959CC6C007DA0EA /* InfoPlist.strings */; };
		84A7DEBB1959CC6C007DA0EA /* main.m in Sources */ = {isa = PBXBuildFile; fileRef = 84A7DEBA1959CC6C007DA0EA /* main.m */; };
		84A7DEBF1959CC6C007DA0EA /* MSAppDelegate.m in Sources */ = {isa = PBXBuildFile; fileRef = 84A7DEBE1959CC6C007DA0EA /* MSAppDelegate.m */; };
		84A7DEC21959CC6C007DA0EA /* Main.storyboard in Resources */ = {isa = PBXBuildFile; fileRef = 84A7DEC01959CC6C007DA0EA /* Main.storyboard */; };
		84A7DEC51959CC6C007DA0EA /* MSViewController.m in Sources */ = {isa = PBXBuildFile; fileRef = 84A7DEC41959CC6C007DA0EA /* MSViewController.m */; };
		84A7DEC71959CC6C007DA0EA /* Images.xcassets in Resources */ = {isa = PBXBuildFile; fileRef = 84A7DEC61959CC6C007DA0EA /* Images.xcassets */; };
		84A7DECE1959CC6C007DA0EA /* XCTest.framework in Frameworks */ = {isa = PBXBuildFile; fileRef = 84A7DECD1959CC6C007DA0EA /* XCTest.framework */; };
		84A7DECF1959CC6C007DA0EA /* Foundation.framework in Frameworks */ = {isa = PBXBuildFile; fileRef = 84A7DEAE1959CC6C007DA0EA /* Foundation.framework */; };
		84A7DED01959CC6C007DA0EA /* UIKit.framework in Frameworks */ = {isa = PBXBuildFile; fileRef = 84A7DEB21959CC6C007DA0EA /* UIKit.framework */; };
		84A7DED81959CC6C007DA0EA /* InfoPlist.strings in Resources */ = {isa = PBXBuildFile; fileRef = 84A7DED61959CC6C007DA0EA /* InfoPlist.strings */; };
		84A7DEDA1959CC6C007DA0EA /* Git_TestTests.m in Sources */ = {isa = PBXBuildFile; fileRef = 84A7DED91959CC6C007DA0EA /* Git_TestTests.m */; };
/* End PBXBuildFile section */

/* Begin PBXContainerItemProxy section */
		84A7DED11959CC6C007DA0EA /* PBXContainerItemProxy */ = {
			isa = PBXContainerItemProxy;
			containerPortal = 84A7DEA31959CC6C007DA0EA /* Project object */;
			proxyType = 1;
			remoteGlobalIDString = 84A7DEAA1959CC6C007DA0EA;
			remoteInfo = "Git Test";
		};
/* End PBXContainerItemProxy section */

/* Begin PBXFileReference section */
		84A7DEAB1959CC6C007DA0EA /* Git Test.app */ = {isa = PBXFileReference; explicitFileType = wrapper.application; includeInIndex = 0; path = "Git Test.app"; sourceTree = BUILT_PRODUCTS_DIR; };
		84A7DEAE1959CC6C007DA0EA /* Foundation.framework */ = {isa = PBXFileReference; lastKnownFileType = wrapper.framework; name = Foundation.framework; path = System/Library/Frameworks/Foundation.framework; sourceTree = SDKROOT; };
		84A7DEB01959CC6C007DA0EA /* CoreGraphics.framework */ = {isa = PBXFileReference; lastKnownFileType = wrapper.framework; name = CoreGraphics.framework; path = System/Library/Frameworks/CoreGraphics.framework; sourceTree = SDKROOT; };
		84A7DEB21959CC6C007DA0EA /* UIKit.framework */ = {isa = PBXFileReference; lastKnownFileType = wrapper.framework; name = UIKit.framework; path = System/Library/Frameworks/UIKit.framework; sourceTree = SDKROOT; };
		84A7DEB61959CC6C007DA0EA /* Git Test-Info.plist */ = {isa = PBXFileReference; lastKnownFileType = text.plist.xml; path = "Git Test-Info.plist"; sourceTree = "<group>"; };
		84A7DEB81959CC6C007DA0EA /* en */ = {isa = PBXFileReference; lastKnownFileType = text.plist.strings; name = en; path = en.lproj/InfoPlist.strings; sourceTree = "<group>"; };
		84A7DEBA1959CC6C007DA0EA /* main.m */ = {isa = PBXFileReference; lastKnownFileType = sourcecode.c.objc; path = main.m; sourceTree = "<group>"; };
		84A7DEBC1959CC6C007DA0EA /* Git Test-Prefix.pch */ = {isa = PBXFileReference; lastKnownFileType = sourcecode.c.h; path = "Git Test-Prefix.pch"; sourceTree = "<group>"; };
		84A7DEBD1959CC6C007DA0EA /* MSAppDelegate.h */ = {isa = PBXFileReference; lastKnownFileType = sourcecode.c.h; path = MSAppDelegate.h; sourceTree = "<group>"; };
		84A7DEBE1959CC6C007DA0EA /* MSAppDelegate.m */ = {isa = PBXFileReference; lastKnownFileType = sourcecode.c.objc; path = MSAppDelegate.m; sourceTree = "<group>"; };
		84A7DEC11959CC6C007DA0EA /* Base */ = {isa = PBXFileReference; lastKnownFileType = file.storyboard; name = Base; path = Base.lproj/Main.storyboard; sourceTree = "<group>"; };
		84A7DEC31959CC6C007DA0EA /* MSViewController.h */ = {isa = PBXFileReference; lastKnownFileType = sourcecode.c.h; path = MSViewController.h; sourceTree = "<group>"; };
		84A7DEC41959CC6C007DA0EA /* MSViewController.m */ = {isa = PBXFileReference; lastKnownFileType = sourcecode.c.objc; path = MSViewController.m; sourceTree = "<group>"; };
		84A7DEC61959CC6C007DA0EA /* Images.xcassets */ = {isa = PBXFileReference; lastKnownFileType = folder.assetcatalog; path = Images.xcassets; sourceTree = "<group>"; };
		84A7DECC1959CC6C007DA0EA /* Git TestTests.xctest */ = {isa = PBXFileReference; explicitFileType = wrapper.cfbundle; includeInIndex = 0; path = "Git TestTests.xctest"; sourceTree = BUILT_PRODUCTS_DIR; };
		84A7DECD1959CC6C007DA0EA /* XCTest.framework */ = {isa = PBXFileReference; lastKnownFileType = wrapper.framework; name = XCTest.framework; path = Library/Frameworks/XCTest.framework; sourceTree = DEVELOPER_DIR; };
		84A7DED51959CC6C007DA0EA /* Git TestTests-Info.plist */ = {isa = PBXFileReference; lastKnownFileType = text.plist.xml; path = "Git TestTests-Info.plist"; sourceTree = "<group>"; };
		84A7DED71959CC6C007DA0EA /* en */ = {isa = PBXFileReference; lastKnownFileType = text.plist.strings; name = en; path = en.lproj/InfoPlist.strings; sourceTree = "<group>"; };
		84A7DED91959CC6C007DA0EA /* Git_TestTests.m */ = {isa = PBXFileReference; lastKnownFileType = sourcecode.c.objc; path = Git_TestTests.m; sourceTree = "<group>"; };
/* End PBXFileReference section */

/* Begin PBXFrameworksBuildPhase section */
		84A7DEA81959CC6C007DA0EA /* Frameworks */ = {
			isa = PBXFrameworksBuildPhase;
			buildActionMask = 2147483647;
			files = (
				84A7DEB11959CC6C007DA0EA /* CoreGraphics.framework in Frameworks */,
				84A7DEB31959CC6C007DA0EA /* UIKit.framework in Frameworks */,
				84A7DEAF1959CC6C007DA0EA /* Foundation.framework in Frameworks */,
			);
			runOnlyForDeploymentPostprocessing = 0;
		};
		84A7DEC91959CC6C007DA0EA /* Frameworks */ = {
			isa = PBXFrameworksBuildPhase;
			buildActionMask = 2147483647;
			files = (
				84A7DECE1959CC6C007DA0EA /* XCTest.framework in Frameworks */,
				84A7DED01959CC6C007DA0EA /* UIKit.framework in Frameworks */,
				84A7DECF1959CC6C007DA0EA /* Foundation.framework in Frameworks */,
			);
			runOnlyForDeploymentPostprocessing = 0;
		};
/* End PBXFrameworksBuildPhase section */

/* Begin PBXGroup section */
		84A7DEA21959CC6C007DA0EA = {
			isa = PBXGroup;
			children = (
				84A7DEB41959CC6C007DA0EA /* Git Test */,
				84A7DED31959CC6C007DA0EA /* Git TestTests */,
				84A7DEAD1959CC6C007DA0EA /* Frameworks */,
				84A7DEAC1959CC6C007DA0EA /* Products */,
			);
			sourceTree = "<group>";
		};
		84A7DEAC1959CC6C007DA0EA /* Products */ = {
			isa = PBXGroup;
			children = (
				84A7DEAB1959CC6C007DA0EA /* Git Test.app */,
				84A7DECC1959CC6C007DA0EA /* Git TestTests.xctest */,
			);
			name = Products;
			sourceTree = "<group>";
		};
		84A7DEAD1959CC6C007DA0EA /* Frameworks */ = {
			isa = PBXGroup;
			children = (
				84A7DEAE1959CC6C007DA0EA /* Foundation.framework */,
				84A7DEB01959CC6C007DA0EA /* CoreGraphics.framework */,
				84A7DEB21959CC6C007DA0EA /* UIKit.framework */,
				84A7DECD1959CC6C007DA0EA /* XCTest.framework */,
			);
			name = Frameworks;
			sourceTree = "<group>";
		};
		84A7DEB41959CC6C007DA0EA /* Git Test */ = {
			isa = PBXGroup;
			children = (
				84A7DEBD1959CC6C007DA0EA /* MSAppDelegate.h */,
				84A7DEBE1959CC6C007DA0EA /* MSAppDelegate.m */,
				84A7DEC01959CC6C007DA0EA /* Main.storyboard */,
				84A7DEC31959CC6C007DA0EA /* MSViewController.h */,
				84A7DEC41959CC6C007DA0EA /* MSViewController.m */,
				84A7DEC61959CC6C007DA0EA /* Images.xcassets */,
				84A7DEB51959CC6C007DA0EA /* Supporting Files */,
			);
			path = "Git Test";
			sourceTree = "<group>";
		};
		84A7DEB51959CC6C007DA0EA /* Supporting Files */ = {
			isa = PBXGroup;
			children = (
				84A7DEB61959CC6C007DA0EA /* Git Test-Info.plist */,
				84A7DEB71959CC6C007DA0EA /* InfoPlist.strings */,
				84A7DEBA1959CC6C007DA0EA /* main.m */,
				84A7DEBC1959CC6C007DA0EA /* Git Test-Prefix.pch */,
			);
			name = "Supporting Files";
			sourceTree = "<group>";
		};
		84A7DED31959CC6C007DA0EA /* Git TestTests */ = {
			isa = PBXGroup;
			children = (
				84A7DED91959CC6C007DA0EA /* Git_TestTests.m */,
				84A7DED41959CC6C007DA0EA /* Supporting Files */,
			);
			path = "Git TestTests";
			sourceTree = "<group>";
		};
		84A7DED41959CC6C007DA0EA /* Supporting Files */ = {
			isa = PBXGroup;
			children = (
				84A7DED51959CC6C007DA0EA /* Git TestTests-Info.plist */,
				84A7DED61959CC6C007DA0EA /* InfoPlist.strings */,
			);
			name = "Supporting Files";
			sourceTree = "<group>";
		};
/* End PBXGroup section */

/* Begin PBXNativeTarget section */
		84A7DEAA1959CC6C007DA0EA /* Git Test */ = {
			isa = PBXNativeTarget;
			buildConfigurationList = 84A7DEDD1959CC6C007DA0EA /* Build configuration list for PBXNativeTarget "Git Test" */;
			buildPhases = (
				84A7DEA71959CC6C007DA0EA /* Sources */,
				84A7DEA81959CC6C007DA0EA /* Frameworks */,
				84A7DEA91959CC6C007DA0EA /* Resources */,
			);
			buildRules = (
			);
			dependencies = (
			);
			name = "Git Test";
			productName = "Git Test";
			productReference = 84A7DEAB1959CC6C007DA0EA /* Git Test.app */;
			productType = "com.apple.product-type.application";
		};
		84A7DECB1959CC6C007DA0EA /* Git TestTests */ = {
			isa = PBXNativeTarget;
			buildConfigurationList = 84A7DEE01959CC6C007DA0EA /* Build configuration list for PBXNativeTarget "Git TestTests" */;
			buildPhases = (
				84A7DEC81959CC6C007DA0EA /* Sources */,
				84A7DEC91959CC6C007DA0EA /* Frameworks */,
				84A7DECA1959CC6C007DA0EA /* Resources */,
			);
			buildRules = (
			);
			dependencies = (
				84A7DED21959CC6C007DA0EA /* PBXTargetDependency */,
			);
			name = "Git TestTests";
			productName = "Git TestTests";
			productReference = 84A7DECC1959CC6C007DA0EA /* Git TestTests.xctest */;
			productType = "com.apple.product-type.bundle.unit-test";
		};
/* End PBXNativeTarget section */

/* Begin PBXProject section */
		84A7DEA31959CC6C007DA0EA /* Project object */ = {
			isa = PBXProject;
			attributes = {
				CLASSPREFIX = MS;
				LastUpgradeCheck = 0510;
				TargetAttributes = {
					84A7DECB1959CC6C007DA0EA = {
						TestTargetID = 84A7DEAA1959CC6C007DA0EA;
					};
				};
			};
			buildConfigurationList = 84A7DEA61959CC6C007DA0EA /* Build configuration list for PBXProject "Git Test" */;
			compatibilityVersion = "Xcode 3.2";
			developmentRegion = English;
			hasScannedForEncodings = 0;
			knownRegions = (
				en,
				Base,
			);
			mainGroup = 84A7DEA21959CC6C007DA0EA;
			productRefGroup = 84A7DEAC1959CC6C007DA0EA /* Products */;
			projectDirPath = "";
			projectRoot = "";
			targets = (
				84A7DEAA1959CC6C007DA0EA /* Git Test */,
				84A7DECB1959CC6C007DA0EA /* Git TestTests */,
			);
		};
/* End PBXProject section */

/* Begin PBXResourcesBuildPhase section */
		84A7DEA91959CC6C007DA0EA /* Resources */ = {
			isa = PBXResourcesBuildPhase;
			buildActionMask = 2147483647;
			files = (
				84A7DEC71959CC6C007DA0EA /* Images.xcassets in Resources */,
				84A7DEB91959CC6C007DA0EA /* InfoPlist.strings in Resources */,
				84A7DEC21959CC6C007DA0EA /* Main.storyboard in Resources */,
			);
			runOnlyForDeploymentPostprocessing = 0;
		};
		84A7DECA1959CC6C007DA0EA /* Resources */ = {
			isa = PBXResourcesBuildPhase;
			buildActionMask = 2147483647;
			files = (
				84A7DED81959CC6C007DA0EA /* InfoPlist.strings in Resources */,
			);
			runOnlyForDeploymentPostprocessing = 0;
		};
/* End PBXResourcesBuildPhase section */

/* Begin PBXSourcesBuildPhase section */
		84A7DEA71959CC6C007DA0EA /* Sources */ = {
			isa = PBXSourcesBuildPhase;
			buildActionMask = 2147483647;
			files = (
				84A7DEBF1959CC6C007DA0EA /* MSAppDelegate.m in Sources */,
				84A7DEC51959CC6C007DA0EA /* MSViewController.m in Sources */,
				84A7DEBB1959CC6C007DA0EA /* main.m in Sources */,
			);
			runOnlyForDeploymentPostprocessing = 0;
		};
		84A7DEC81959CC6C007DA0EA /* Sources */ = {
			isa = PBXSourcesBuildPhase;
			buildActionMask = 2147483647;
			files = (
				84A7DEDA1959CC6C007DA0EA /* Git_TestTests.m in Sources */,
			);
			runOnlyForDeploymentPostprocessing = 0;
		};
/* End PBXSourcesBuildPhase section */

/* Begin PBXTargetDependency section */
		84A7DED21959CC6C007DA0EA /* PBXTargetDependency */ = {
			isa = PBXTargetDependency;
			target = 84A7DEAA1959CC6C007DA0EA /* Git Test */;
			targetProxy = 84A7DED11959CC6C007DA0EA /* PBXContainerItemProxy */;
		};
/* End PBXTargetDependency section */

/* Begin PBXVariantGroup section */
		84A7DEB71959CC6C007DA0EA /* InfoPlist.strings */ = {
			isa = PBXVariantGroup;
			children = (
				84A7DEB81959CC6C007DA0EA /* en */,
			);
			name = InfoPlist.strings;
			sourceTree = "<group>";
		};
		84A7DEC01959CC6C007DA0EA /* Main.storyboard */ = {
			isa = PBXVariantGroup;
			children = (
				84A7DEC11959CC6C007DA0EA /* Base */,
			);
			name = Main.storyboard;
			sourceTree = "<group>";
		};
		84A7DED61959CC6C007DA0EA /* InfoPlist.strings */ = {
			isa = PBXVariantGroup;
			children = (
				84A7DED71959CC6C007DA0EA /* en */,
			);
			name = InfoPlist.strings;
			sourceTree = "<group>";
		};
/* End PBXVariantGroup section */

/* Begin XCBuildConfiguration section */
		84A7DEDB1959CC6C007DA0EA /* Debug */ = {
			isa = XCBuildConfiguration;
			buildSettings = {
				ALWAYS_SEARCH_USER_PATHS = NO;
				CLANG_CXX_LANGUAGE_STANDARD = "gnu++0x";
				CLANG_CXX_LIBRARY = "libc++";
				CLANG_ENABLE_MODULES = YES;
				CLANG_ENABLE_OBJC_ARC = YES;
				CLANG_WARN_BOOL_CONVERSION = YES;
				CLANG_WARN_CONSTANT_CONVERSION = YES;
				CLANG_WARN_DIRECT_OBJC_ISA_USAGE = YES_ERROR;
				CLANG_WARN_EMPTY_BODY = YES;
				CLANG_WARN_ENUM_CONVERSION = YES;
				CLANG_WARN_INT_CONVERSION = YES;
				CLANG_WARN_OBJC_ROOT_CLASS = YES_ERROR;
				CLANG_WARN__DUPLICATE_METHOD_MATCH = YES;
				"CODE_SIGN_IDENTITY[sdk=iphoneos*]" = "iPhone Developer";
				COPY_PHASE_STRIP = NO;
				GCC_C_LANGUAGE_STANDARD = gnu99;
				GCC_DYNAMIC_NO_PIC = NO;
				GCC_OPTIMIZATION_LEVEL = 0;
				GCC_PREPROCESSOR_DEFINITIONS = (
					"DEBUG=1",
					"$(inherited)",
				);
				GCC_SYMBOLS_PRIVATE_EXTERN = NO;
				GCC_WARN_64_TO_32_BIT_CONVERSION = YES;
				GCC_WARN_ABOUT_RETURN_TYPE = YES_ERROR;
				GCC_WARN_UNDECLARED_SELECTOR = YES;
				GCC_WARN_UNINITIALIZED_AUTOS = YES_AGGRESSIVE;
				GCC_WARN_UNUSED_FUNCTION = YES;
				GCC_WARN_UNUSED_VARIABLE = YES;
				IPHONEOS_DEPLOYMENT_TARGET = 7.1;
				ONLY_ACTIVE_ARCH = YES;
				SDKROOT = iphoneos;
			};
			name = Debug;
		};
		84A7DEDC1959CC6C007DA0EA /* Release */ = {
			isa = XCBuildConfiguration;
			buildSettings = {
				ALWAYS_SEARCH_USER_PATHS = NO;
				CLANG_CXX_LANGUAGE_STANDARD = "gnu++0x";
				CLANG_CXX_LIBRARY = "libc++";
				CLANG_ENABLE_MODULES = YES;
				CLANG_ENABLE_OBJC_ARC = YES;
				CLANG_WARN_BOOL_CONVERSION = YES;
				CLANG_WARN_CONSTANT_CONVERSION = YES;
				CLANG_WARN_DIRECT_OBJC_ISA_USAGE = YES_ERROR;
				CLANG_WARN_EMPTY_BODY = YES;
				CLANG_WARN_ENUM_CONVERSION = YES;
				CLANG_WARN_INT_CONVERSION = YES;
				CLANG_WARN_OBJC_ROOT_CLASS = YES_ERROR;
				CLANG_WARN__DUPLICATE_METHOD_MATCH = YES;
				"CODE_SIGN_IDENTITY[sdk=iphoneos*]" = "iPhone Developer";
				COPY_PHASE_STRIP = YES;
				ENABLE_NS_ASSERTIONS = NO;
				GCC_C_LANGUAGE_STANDARD = gnu99;
				GCC_WARN_64_TO_32_BIT_CONVERSION = YES;
				GCC_WARN_ABOUT_RETURN_TYPE = YES_ERROR;
				GCC_WARN_UNDECLARED_SELECTOR = YES;
				GCC_WARN_UNINITIALIZED_AUTOS = YES_AGGRESSIVE;
				GCC_WARN_UNUSED_FUNCTION = YES;
				GCC_WARN_UNUSED_VARIABLE = YES;
				IPHONEOS_DEPLOYMENT_TARGET = 7.1;
				SDKROOT = iphoneos;
				VALIDATE_PRODUCT = YES;
			};
			name = Release;
		};
		84A7DEDE1959CC6C007DA0EA /* Debug */ = {
			isa = XCBuildConfiguration;
			buildSettings = {
				ASSETCATALOG_COMPILER_APPICON_NAME = AppIcon;
				ASSETCATALOG_COMPILER_LAUNCHIMAGE_NAME = LaunchImage;
				GCC_PRECOMPILE_PREFIX_HEADER = YES;
				GCC_PREFIX_HEADER = "Git Test/Git Test-Prefix.pch";
				INFOPLIST_FILE = "Git Test/Git Test-Info.plist";
				PRODUCT_NAME = "$(TARGET_NAME)";
				WRAPPER_EXTENSION = app;
			};
			name = Debug;
		};
		84A7DEDF1959CC6C007DA0EA /* Release */ = {
			isa = XCBuildConfiguration;
			buildSettings = {
				ASSETCATALOG_COMPILER_APPICON_NAME = AppIcon;
				ASSETCATALOG_COMPILER_LAUNCHIMAGE_NAME = LaunchImage;
				GCC_PRECOMPILE_PREFIX_HEADER = YES;
				GCC_PREFIX_HEADER = "Git Test/Git Test-Prefix.pch";
				INFOPLIST_FILE = "Git Test/Git Test-Info.plist";
				PRODUCT_NAME = "$(TARGET_NAME)";
				WRAPPER_EXTENSION = app;
			};
			name = Release;
		};
		84A7DEE11959CC6C007DA0EA /* Debug */ = {
			isa = XCBuildConfiguration;
			buildSettings = {
				BUNDLE_LOADER = "$(BUILT_PRODUCTS_DIR)/Git Test.app/Git Test";
				FRAMEWORK_SEARCH_PATHS = (
					"$(SDKROOT)/Developer/Library/Frameworks",
					"$(inherited)",
					"$(DEVELOPER_FRAMEWORKS_DIR)",
				);
				GCC_PRECOMPILE_PREFIX_HEADER = YES;
				GCC_PREFIX_HEADER = "Git Test/Git Test-Prefix.pch";
				GCC_PREPROCESSOR_DEFINITIONS = (
					"DEBUG=1",
					"$(inherited)",
				);
				INFOPLIST_FILE = "Git TestTests/Git TestTests-Info.plist";
				PRODUCT_NAME = "$(TARGET_NAME)";
				TEST_HOST = "$(BUNDLE_LOADER)";
				WRAPPER_EXTENSION = xctest;
			};
			name = Debug;
		};
		84A7DEE21959CC6C007DA0EA /* Release */ = {
			isa = XCBuildConfiguration;
			buildSettings = {
				BUNDLE_LOADER = "$(BUILT_PRODUCTS_DIR)/Git Test.app/Git Test";
				FRAMEWORK_SEARCH_PATHS = (
					"$(SDKROOT)/Developer/Library/Frameworks",
					"$(inherited)",
					"$(DEVELOPER_FRAMEWORKS_DIR)",
				);
				GCC_PRECOMPILE_PREFIX_HEADER = YES;
				GCC_PREFIX_HEADER = "Git Test/Git Test-Prefix.pch";
				INFOPLIST_FILE = "Git TestTests/Git TestTests-Info.plist";
				PRODUCT_NAME = "$(TARGET_NAME)";
				TEST_HOST = "$(BUNDLE_LOADER)";
				WRAPPER_EXTENSION = xctest;
			};
			name = Release;
		};
/* End XCBuildConfiguration section */

/* Begin XCConfigurationList section */
		84A7DEA61959CC6C007DA0EA /* Build configuration list for PBXProject "Git Test" */ = {
			isa = XCConfigurationList;
			buildConfigurations = (
				84A7DEDB1959CC6C007DA0EA /* Debug */,
				84A7DEDC1959CC6C007DA0EA /* Release */,
			);
			defaultConfigurationIsVisible = 0;
			defaultConfigurationName = Release;
		};
		84A7DEDD1959CC6C007DA0EA /* Build configuration list for PBXNativeTarget "Git Test" */ = {
			isa = XCConfigurationList;
			buildConfigurations = (
				84A7DEDE1959CC6C007DA0EA /* Debug */,
				84A7DEDF1959CC6C007DA0EA /* Release */,
			);
			defaultConfigurationIsVisible = 0;
		};
		84A7DEE01959CC6C007DA0EA /* Build configuration list for PBXNativeTarget "Git TestTests" */ = {
			isa = XCConfigurationList;
			buildConfigurations = (
				84A7DEE11959CC6C007DA0EA /* Debug */,
				84A7DEE21959CC6C007DA0EA /* Release */,
			);
			defaultConfigurationIsVisible = 0;
		};
/* End XCConfigurationList section */
	};
	rootObject = 84A7DEA31959CC6C007DA0EA /* Project object */;
}
